{
    "_meta": {
        "hash": {
            "sha256": "61a49e35f76042c37474de86f9411df19a75e939d0a54bbd249c7c8d06a8196d"
        },
        "pipfile-spec": 6,
        "requires": {
            "python_full_version": "3.9.7",
            "python_version": "3.9"
        },
        "sources": [
            {
                "name": "pypi",
                "url": "https://pypi.org/simple",
                "verify_ssl": true
            }
        ]
    },
    "default": {
        "annotated-types": {
            "hashes": [
                "sha256:1f02e8b43a8fbbc3f3e0d4f0f4bfc8131bcb4eebe8849b8e5c773f3a1c582a53",
                "sha256:aff07c09a53a08bc8cfccb9c85b05f1aa9a2a6f23728d790723543408344ce89"
            ],
            "markers": "python_version >= '3.8'",
            "version": "==0.7.0"
        },
        "anyio": {
            "hashes": [
                "sha256:5aadc6a1bbb7cdb0bede386cac5e2940f5e2ff3aa20277e991cf028e0585ce94",
                "sha256:c1b2d8f46a8a812513012e1107cb0e68c17159a7a594208005a57dc776e1bdc7"
            ],
            "markers": "python_version >= '3.8'",
            "version": "==4.4.0"
        },
        "certifi": {
            "hashes": [
                "sha256:0569859f95fc761b18b45ef421b1290a0f65f147e92a1e5eb3e635f9a5e4e66f",
                "sha256:dc383c07b76109f368f6106eee2b593b04a011ea4d55f652c6ca24a754d1cdd1"
            ],
            "markers": "python_version >= '3.6'",
            "version": "==2024.2.2"
        },
        "colorama": {
            "hashes": [
                "sha256:08695f5cb7ed6e0531a20572697297273c47b8cae5a63ffc6d6ed5c201be6e44",
                "sha256:4f1d9991f5acc0ca119f9d443620b77f9d6b33703e51011c16baf57afb285fc6"
            ],
            "markers": "platform_system == 'Windows'",
            "version": "==0.4.6"
        },
        "distro": {
            "hashes": [
                "sha256:2fa77c6fd8940f116ee1d6b94a2f90b13b5ea8d019b98bc8bafdcabcdd9bdbed",
                "sha256:7bffd925d65168f85027d8da9af6bddab658135b840670a223589bc0c8ef02b2"
            ],
            "markers": "python_version >= '3.6'",
            "version": "==1.9.0"
        },
        "exceptiongroup": {
            "hashes": [
                "sha256:5258b9ed329c5bbdd31a309f53cbfb0b155341807f6ff7606a1e801a891b29ad",
                "sha256:a4785e48b045528f5bfe627b6ad554ff32def154f42372786903b7abcfe1aa16"
            ],
            "markers": "python_version < '3.11'",
            "version": "==1.2.1"
        },
        "fake-bpy-module": {
            "hashes": [
                "sha256:8c9584c6885ba7c5f408c864820d52f8b181426d5544894d97cf82f24880b625",
                "sha256:8e344d7e9ddc5deeee3ebfdf0f815c87550cf8c28a5247e6643c363de31257c0"
            ],
            "index": "pypi",
            "markers": "python_version >= '3.8'",
            "version": "==20240528"
        },
        "grpcio": {
            "hashes": [
                "sha256:07ce1f775d37ca18c7a141300e5b71539690efa1f51fe17f812ca85b5e73262f",
                "sha256:112eaa7865dd9e6d7c0556c8b04ae3c3a2dc35d62ad3373ab7f6a562d8199200",
                "sha256:162ccf61499c893831b8437120600290a99c0bc1ce7b51f2c8d21ec87ff6af8b",
                "sha256:16da954692fd61aa4941fbeda405a756cd96b97b5d95ca58a92547bba2c1624f",
                "sha256:17708db5b11b966373e21519c4c73e5a750555f02fde82276ea2a267077c68ad",
                "sha256:1bcfe5070e4406f489e39325b76caeadab28c32bf9252d3ae960c79935a4cc36",
                "sha256:1c1bb80299bdef33309dff03932264636450c8fdb142ea39f47e06a7153d3063",
                "sha256:2507006c8a478f19e99b6fe36a2464696b89d40d88f34e4b709abe57e1337467",
                "sha256:262cda97efdabb20853d3b5a4c546a535347c14b64c017f628ca0cc7fa780cc6",
                "sha256:26f415f40f4a93579fd648f48dca1c13dfacdfd0290f4a30f9b9aeb745026811",
                "sha256:2a0204532aa2f1afd467024b02b4069246320405bc18abec7babab03e2644e75",
                "sha256:2e72ddfee62430ea80133d2cbe788e0d06b12f865765cb24a40009668bd8ea05",
                "sha256:3abe6838196da518863b5d549938ce3159d809218936851b395b09cad9b5d64a",
                "sha256:3ad00f3f0718894749d5a8bb0fa125a7980a2f49523731a9b1fabf2b3522aa43",
                "sha256:3c3ed41f4d7a3aabf0f01ecc70d6b5d00ce1800d4af652a549de3f7cf35c4abd",
                "sha256:404d3b4b6b142b99ba1cff0b2177d26b623101ea2ce51c25ef6e53d9d0d87bcc",
                "sha256:41955b641c34db7d84db8d306937b72bc4968eef1c401bea73081a8d6c3d8033",
                "sha256:53d3a59a10af4c2558a8e563aed9f256259d2992ae0d3037817b2155f0341de1",
                "sha256:55ddaf53474e8caeb29eb03e3202f9d827ad3110475a21245f3c7712022882a9",
                "sha256:589ea8e75de5fd6df387de53af6c9189c5231e212b9aa306b6b0d4f07520fbb9",
                "sha256:5dab7ac2c1e7cb6179c6bfad6b63174851102cbe0682294e6b1d6f0981ad7138",
                "sha256:65034473fc09628a02fb85f26e73885cf1ed39ebd9cf270247b38689ff5942c5",
                "sha256:66344ea741124c38588a664237ac2fa16dfd226964cca23ddc96bd4accccbde5",
                "sha256:6e784f60e575a0de554ef9251cbc2ceb8790914fe324f11e28450047f264ee6f",
                "sha256:80407bc007754f108dc2061e37480238b0dc1952c855e86a4fc283501ee6bb5d",
                "sha256:82af3613a219512a28ee5c95578eb38d44dd03bca02fd918aa05603c41018051",
                "sha256:88b4f9ee77191dcdd8810241e89340a12cbe050be3e0d5f2f091c15571cd3930",
                "sha256:99701979bcaaa7de8d5f60476487c5df8f27483624f1f7e300ff4669ee44d1f2",
                "sha256:a1511a303f8074f67af4119275b4f954189e8313541da7b88b1b3a71425cdb10",
                "sha256:a5eb4844e5e60bf2c446ef38c5b40d7752c6effdee882f716eb57ae87255d20a",
                "sha256:a75af2fc7cb1fe25785be7bed1ab18cef959a376cdae7c6870184307614caa3f",
                "sha256:a90ac47a8ce934e2c8d71e317d2f9e7e6aaceb2d199de940ce2c2eb611b8c0f4",
                "sha256:aa787b83a3cd5e482e5c79be030e2b4a122ecc6c5c6c4c42a023a2b581fdf17b",
                "sha256:aaae70364a2d1fb238afd6cc9fcb10442b66e397fd559d3f0968d28cc3ac929c",
                "sha256:af15e9efa4d776dfcecd1d083f3ccfb04f876d613e90ef8432432efbeeac689d",
                "sha256:af7dc3f7a44f10863b1b0ecab4078f0a00f561aae1edbd01fd03ad4dcf61c9e9",
                "sha256:b7ec9e2f8ffc8436f6b642a10019fc513722858f295f7efc28de135d336ac189",
                "sha256:b94d41b7412ef149743fbc3178e59d95228a7064c5ab4760ae82b562bdffb199",
                "sha256:c1624aa686d4b36790ed1c2e2306cc3498778dffaf7b8dd47066cf819028c3ad",
                "sha256:c5ffeb269f10cedb4f33142b89a061acda9f672fd1357331dbfd043422c94e9e",
                "sha256:c6ad9c39704256ed91a1cffc1379d63f7d0278d6a0bad06b0330f5d30291e3a3",
                "sha256:c772f225483905f675cb36a025969eef9712f4698364ecd3a63093760deea1bc",
                "sha256:c77618071d96b7a8be2c10701a98537823b9c65ba256c0b9067e0594cdbd954d",
                "sha256:c79b518c56dddeec79e5500a53d8a4db90da995dfe1738c3ac57fe46348be049",
                "sha256:cfd23ad29bfa13fd4188433b0e250f84ec2c8ba66b14a9877e8bce05b524cf54",
                "sha256:d0695ae31a89f1a8fc8256050329a91a9995b549a88619263a594ca31b76d756",
                "sha256:d2c1771d0ee3cf72d69bb5e82c6a82f27fbd504c8c782575eddb7839729fbaad",
                "sha256:da6a7b6b938c15fa0f0568e482efaae9c3af31963eec2da4ff13a6d8ec2888e4",
                "sha256:db068bbc9b1fa16479a82e1ecf172a93874540cb84be69f0b9cb9b7ac3c82670",
                "sha256:db707e3685ff16fc1eccad68527d072ac8bdd2e390f6daa97bc394ea7de4acea",
                "sha256:e2cc8a308780edbe2c4913d6a49dbdb5befacdf72d489a368566be44cadaef1a",
                "sha256:f27246d7da7d7e3bd8612f63785a7b0c39a244cf14b8dd9dd2f2fab939f2d7f1",
                "sha256:f4aa94361bb5141a45ca9187464ae81a92a2a135ce2800b2203134f7a1a1d479",
                "sha256:fa63245271920786f4cb44dcada4983a3516be8f470924528cf658731864c14b"
            ],
            "markers": "python_version >= '3.7'",
            "version": "==1.62.2"
        },
        "grpcio-tools": {
            "hashes": [
                "sha256:04a394cf5e51ba9be412eb9f6c482b6270bd81016e033e8eb7d21b8cc28fe8b5",
                "sha256:04c607029ae3660fb1624ed273811ffe09d57d84287d37e63b5b802a35897329",
                "sha256:10cc3321704ecd17c93cf68c99c35467a8a97ffaaed53207e9b2da6ae0308ee1",
                "sha256:1679b4903aed2dc5bd8cb22a452225b05dc8470a076f14fd703581efc0740cdb",
                "sha256:184b4174d4bd82089d706e8223e46c42390a6ebac191073b9772abc77308f9fa",
                "sha256:19216e1fb26dbe23d12a810517e1b3fbb8d4f98b1a3fbebeec9d93a79f092de4",
                "sha256:19ea69e41c3565932aa28a202d1875ec56786aea46a2eab54a3b28e8a27f9517",
                "sha256:1d768a5c07279a4c461ebf52d0cec1c6ca85c6291c71ec2703fe3c3e7e28e8c4",
                "sha256:1fe08d2038f2b7c53259b5c49e0ad08c8e0ce2b548d8185993e7ef67e8592cca",
                "sha256:217c2ee6a7ce519a55958b8622e21804f6fdb774db08c322f4c9536c35fdce7c",
                "sha256:2ce149ea55eadb486a7fb75a20f63ef3ac065ee6a0240ed25f3549ce7954c653",
                "sha256:2ed775e844566ce9ce089be9a81a8b928623b8ee5820f5e4d58c1a9d33dfc5ae",
                "sha256:3708a747aa4b6b505727282ca887041174e146ae030ebcadaf4c1d346858df62",
                "sha256:3a8d6f07e64c0c7756f4e0c4781d9d5a2b9cc9cbd28f7032a6fb8d4f847d0445",
                "sha256:3c53b221378b035ae2f1881cbc3aca42a6075a8e90e1a342c2f205eb1d1aa6a1",
                "sha256:40cd4eeea4b25bcb6903b82930d579027d034ba944393c4751cdefd9c49e6989",
                "sha256:45db5da2bcfa88f2b86b57ef35daaae85c60bd6754a051d35d9449c959925b57",
                "sha256:462e0ab8dd7c7b70bfd6e3195eebc177549ede5cf3189814850c76f9a340d7ce",
                "sha256:47117c8a7e861382470d0e22d336e5a91fdc5f851d1db44fa784b9acea190d87",
                "sha256:472505d030135d73afe4143b0873efe0dcb385bd6d847553b4f3afe07679af00",
                "sha256:4f6f32d39283ea834a493fccf0ebe9cfddee7577bdcc27736ad4be1732a36399",
                "sha256:4f955702dc4b530696375251319d05223b729ed24e8673c2129f7a75d2caefbb",
                "sha256:4f989e5cebead3ae92c6abf6bf7b19949e1563a776aea896ac5933f143f0c45d",
                "sha256:58cbb24b3fa6ae35aa9c210fcea3a51aa5fef0cd25618eb4fd94f746d5a9b703",
                "sha256:5b07b5874187e170edfbd7aa2ca3a54ebf3b2952487653e8c0b0d83601c33035",
                "sha256:5fd5e1582b678e6b941ee5f5809340be5e0724691df5299aae8226640f94e18f",
                "sha256:6413581e14a80e0b4532577766cf0586de4dd33766a31b3eb5374a746771c07d",
                "sha256:72b61332f1b439c14cbd3815174a8f1d35067a02047c32decd406b3a09bb9890",
                "sha256:759c60f24c33a181bbbc1232a6752f9b49fbb1583312a4917e2b389fea0fb0f2",
                "sha256:76eb459bdf3fb666e01883270beee18f3f11ed44488486b61cd210b4e0e17cc1",
                "sha256:7a49bccae1c7d154b78e991885c3111c9ad8c8fa98e91233de425718f47c6139",
                "sha256:7d8b4e00c3d7237b92260fc18a561cd81f1da82e8be100db1b7d816250defc66",
                "sha256:7ea369c4d1567d1acdf69c8ea74144f4ccad9e545df7f9a4fc64c94fa7684ba3",
                "sha256:8214820990d01b52845f9fbcb92d2b7384a0c321b303e3ac614c219dc7d1d3af",
                "sha256:8c616d0ad872e3780693fce6a3ac8ef00fc0963e6d7815ce9dcfae68ba0fc287",
                "sha256:987e774f74296842bbffd55ea8826370f70c499e5b5f71a8cf3103838b6ee9c3",
                "sha256:9be84ff6d47fd61462be7523b49d7ba01adf67ce4e1447eae37721ab32464dd8",
                "sha256:9d41e0e47dd075c075bb8f103422968a65dd0d8dc8613288f573ae91eb1053ba",
                "sha256:9f1ba79a253df9e553d20319c615fa2b429684580fa042dba618d7f6649ac7e4",
                "sha256:a34d97c62e61bfe9e6cff0410fe144ac8cca2fc979ad0be46b7edf026339d161",
                "sha256:a7e439476b29d6dac363b321781a113794397afceeb97dad85349db5f1cb5e9a",
                "sha256:ab84bae88597133f6ea7a2bdc57b2fda98a266fe8d8d4763652cbefd20e73ad7",
                "sha256:b6746bc823958499a3cf8963cc1de00072962fb5e629f26d658882d3f4c35095",
                "sha256:b8574469ecc4ff41d6bb95f44e0297cdb0d95bade388552a9a444db9cd7485cd",
                "sha256:bdc5dd3f57b5368d5d661d5d3703bcaa38bceca59d25955dff66244dbc987271",
                "sha256:c195d74fe98541178ece7a50dad2197d43991e0f77372b9a88da438be2486f12",
                "sha256:c384c838b34d1b67068e51b5bbe49caa6aa3633acd158f1ab16b5da8d226bc53",
                "sha256:c48fabe40b9170f4e3d7dd2c252e4f1ff395dc24e49ac15fc724b1b6f11724da",
                "sha256:cbb8453ae83a1db2452b7fe0f4b78e4a8dd32be0f2b2b73591ae620d4d784d3d",
                "sha256:d58389fe8be206ddfb4fa703db1e24c956856fcb9a81da62b13577b3a8f7fda7",
                "sha256:d82f681c9a9d933a9d8068e8e382977768e7779ddb8870fa0cf918d8250d1532",
                "sha256:e33b59fb3efdddeb97ded988a871710033e8638534c826567738d3edce528752",
                "sha256:ec674b4440ef4311ac1245a709e87b36aca493ddc6850eebe0b278d1f2b6e7d1",
                "sha256:fa107460c842e4c1a6266150881694fefd4f33baa544ea9489601810c2210ef8"
            ],
            "markers": "python_version >= '3.7'",
            "version": "==1.62.2"
        },
        "h11": {
            "hashes": [
                "sha256:8f19fbbe99e72420ff35c00b27a34cb9937e902a8b810e2c88300c6f0a3b699d",
                "sha256:e3fe4ac4b851c468cc8363d500db52c2ead036020723024a109d37346efaa761"
            ],
            "markers": "python_version >= '3.7'",
            "version": "==0.14.0"
        },
        "httpcore": {
            "hashes": [
                "sha256:34a38e2f9291467ee3b44e89dd52615370e152954ba21721378a87b2960f7a61",
                "sha256:421f18bac248b25d310f3cacd198d55b8e6125c107797b609ff9b7a6ba7991b5"
            ],
            "markers": "python_version >= '3.8'",
            "version": "==1.0.5"
        },
        "httpx": {
            "hashes": [
                "sha256:71d5465162c13681bff01ad59b2cc68dd838ea1f10e51574bac27103f00c91a5",
                "sha256:a0cb88a46f32dc874e04ee956e4c2764aba2aa228f650b06788ba6bda2962ab5"
            ],
            "markers": "python_version >= '3.8'",
            "version": "==0.27.0"
        },
        "idna": {
            "hashes": [
                "sha256:028ff3aadf0609c1fd278d8ea3089299412a7a8b9bd005dd08b9f8285bcb5cfc",
                "sha256:82fee1fc78add43492d3a1898bfa6d8a904cc97d8427f683ed8e798d07761aa0"
            ],
            "markers": "python_version >= '3.5'",
            "version": "==3.7"
        },
        "mobile-base-sdk": {
            "hashes": [
                "sha256:3f32c6ef9ffdb00d5062f45d6e4f22a00fa9cb0ef7d3e2a64622f47a711b581d",
                "sha256:e9021d901692bf7902aec8ee9204fbfc1d73d401fcbfff218526a360991d7271"
            ],
            "version": "==1.0.2"
        },
        "numpy": {
            "hashes": [
                "sha256:03a8c78d01d9781b28a6989f6fa1bb2c4f2d51201cf99d3dd875df6fbd96b23b",
                "sha256:08beddf13648eb95f8d867350f6a018a4be2e5ad54c8d8caed89ebca558b2818",
                "sha256:1af303d6b2210eb850fcf03064d364652b7120803a0b872f5211f5234b399f20",
                "sha256:1dda2e7b4ec9dd512f84935c5f126c8bd8b9f2fc001e9f54af255e8c5f16b0e0",
                "sha256:2a02aba9ed12e4ac4eb3ea9421c420301a0c6460d9830d74a9df87efa4912010",
                "sha256:2e4ee3380d6de9c9ec04745830fd9e2eccb3e6cf790d39d7b98ffd19b0dd754a",
                "sha256:3373d5d70a5fe74a2c1bb6d2cfd9609ecf686d47a2d7b1d37a8f3b6bf6003aea",
                "sha256:47711010ad8555514b434df65f7d7b076bb8261df1ca9bb78f53d3b2db02e95c",
                "sha256:4c66707fabe114439db9068ee468c26bbdf909cac0fb58686a42a24de1760c71",
                "sha256:50193e430acfc1346175fcbdaa28ffec49947a06918b7b92130744e81e640110",
                "sha256:52b8b60467cd7dd1e9ed082188b4e6bb35aa5cdd01777621a1658910745b90be",
                "sha256:60dedbb91afcbfdc9bc0b1f3f402804070deed7392c23eb7a7f07fa857868e8a",
                "sha256:62b8e4b1e28009ef2846b4c7852046736bab361f7aeadeb6a5b89ebec3c7055a",
                "sha256:666dbfb6ec68962c033a450943ded891bed2d54e6755e35e5835d63f4f6931d5",
                "sha256:675d61ffbfa78604709862923189bad94014bef562cc35cf61d3a07bba02a7ed",
                "sha256:679b0076f67ecc0138fd2ede3a8fd196dddc2ad3254069bcb9faf9a79b1cebcd",
                "sha256:7349ab0fa0c429c82442a27a9673fc802ffdb7c7775fad780226cb234965e53c",
                "sha256:7ab55401287bfec946ced39700c053796e7cc0e3acbef09993a9ad2adba6ca6e",
                "sha256:7e50d0a0cc3189f9cb0aeb3a6a6af18c16f59f004b866cd2be1c14b36134a4a0",
                "sha256:95a7476c59002f2f6c590b9b7b998306fba6a5aa646b1e22ddfeaf8f78c3a29c",
                "sha256:96ff0b2ad353d8f990b63294c8986f1ec3cb19d749234014f4e7eb0112ceba5a",
                "sha256:9fad7dcb1aac3c7f0584a5a8133e3a43eeb2fe127f47e3632d43d677c66c102b",
                "sha256:9ff0f4f29c51e2803569d7a51c2304de5554655a60c5d776e35b4a41413830d0",
                "sha256:a354325ee03388678242a4d7ebcd08b5c727033fcff3b2f536aea978e15ee9e6",
                "sha256:a4abb4f9001ad2858e7ac189089c42178fcce737e4169dc61321660f1a96c7d2",
                "sha256:ab47dbe5cc8210f55aa58e4805fe224dac469cde56b9f731a4c098b91917159a",
                "sha256:afedb719a9dcfc7eaf2287b839d8198e06dcd4cb5d276a3df279231138e83d30",
                "sha256:b3ce300f3644fb06443ee2222c2201dd3a89ea6040541412b8fa189341847218",
                "sha256:b97fe8060236edf3662adfc2c633f56a08ae30560c56310562cb4f95500022d5",
                "sha256:bfe25acf8b437eb2a8b2d49d443800a5f18508cd811fea3181723922a8a82b07",
                "sha256:cd25bcecc4974d09257ffcd1f098ee778f7834c3ad767fe5db785be9a4aa9cb2",
                "sha256:d209d8969599b27ad20994c8e41936ee0964e6da07478d6c35016bc386b66ad4",
                "sha256:d5241e0a80d808d70546c697135da2c613f30e28251ff8307eb72ba696945764",
                "sha256:edd8b5fe47dab091176d21bb6de568acdd906d1887a4584a15a9a96a1dca06ef",
                "sha256:f870204a840a60da0b12273ef34f7051e98c3b5961b61b0c2c1be6dfd64fbcd3",
                "sha256:ffa75af20b44f8dba823498024771d5ac50620e6915abac414251bd971b4529f"
            ],
            "markers": "python_version >= '3.9'",
            "version": "==1.26.4"
        },
        "openai": {
            "hashes": [
                "sha256:8e1bcdca2b96fe3636ab522fa153d88efde1b702d12ec32f1c73e9553ff93f45",
                "sha256:f88119c8a848998be533c71ab8aa832446fa72b7ddbc70917c3f5886dc132051"
            ],
            "index": "pypi",
            "markers": "python_full_version >= '3.7.1'",
            "version": "==1.30.3"
        },
        "opencv-python": {
            "hashes": [
                "sha256:1a9f0e6267de3a1a1db0c54213d022c7c8b5b9ca4b580e80bdc58516c922c9e1",
                "sha256:3f16f08e02b2a2da44259c7cc712e779eff1dd8b55fdb0323e8cab09548086c0",
                "sha256:71dfb9555ccccdd77305fc3dcca5897fbf0cf28b297c51ee55e079c065d812a3",
                "sha256:7b34a52e9da36dda8c151c6394aed602e4b17fa041df0b9f5b93ae10b0fcca2a",
                "sha256:7e5f7aa4486651a6ebfa8ed4b594b65bd2d2f41beeb4241a3e4b1b85acbbbadb",
                "sha256:dcf000c36dd1651118a2462257e3a9e76db789a78432e1f303c7bac54f63ef6c",
                "sha256:e4088cab82b66a3b37ffc452976b14a3c599269c247895ae9ceb4066d8188a57"
            ],
            "markers": "python_version >= '3.6'",
            "version": "==4.9.0.80"
        },
        "pillow": {
            "hashes": [
                "sha256:048ad577748b9fa4a99a0548c64f2cb8d672d5bf2e643a739ac8faff1164238c",
                "sha256:048eeade4c33fdf7e08da40ef402e748df113fd0b4584e32c4af74fe78baaeb2",
                "sha256:0ba26351b137ca4e0db0342d5d00d2e355eb29372c05afd544ebf47c0956ffeb",
                "sha256:0ea2a783a2bdf2a561808fe4a7a12e9aa3799b701ba305de596bc48b8bdfce9d",
                "sha256:1530e8f3a4b965eb6a7785cf17a426c779333eb62c9a7d1bbcf3ffd5bf77a4aa",
                "sha256:16563993329b79513f59142a6b02055e10514c1a8e86dca8b48a893e33cf91e3",
                "sha256:19aeb96d43902f0a783946a0a87dbdad5c84c936025b8419da0a0cd7724356b1",
                "sha256:1a1d1915db1a4fdb2754b9de292642a39a7fb28f1736699527bb649484fb966a",
                "sha256:1b87bd9d81d179bd8ab871603bd80d8645729939f90b71e62914e816a76fc6bd",
                "sha256:1dfc94946bc60ea375cc39cff0b8da6c7e5f8fcdc1d946beb8da5c216156ddd8",
                "sha256:2034f6759a722da3a3dbd91a81148cf884e91d1b747992ca288ab88c1de15999",
                "sha256:261ddb7ca91fcf71757979534fb4c128448b5b4c55cb6152d280312062f69599",
                "sha256:2ed854e716a89b1afcedea551cd85f2eb2a807613752ab997b9974aaa0d56936",
                "sha256:3102045a10945173d38336f6e71a8dc71bcaeed55c3123ad4af82c52807b9375",
                "sha256:339894035d0ede518b16073bdc2feef4c991ee991a29774b33e515f1d308e08d",
                "sha256:412444afb8c4c7a6cc11a47dade32982439925537e483be7c0ae0cf96c4f6a0b",
                "sha256:4203efca580f0dd6f882ca211f923168548f7ba334c189e9eab1178ab840bf60",
                "sha256:45ebc7b45406febf07fef35d856f0293a92e7417ae7933207e90bf9090b70572",
                "sha256:4b5ec25d8b17217d635f8935dbc1b9aa5907962fae29dff220f2659487891cd3",
                "sha256:4c8e73e99da7db1b4cad7f8d682cf6abad7844da39834c288fbfa394a47bbced",
                "sha256:4e6f7d1c414191c1199f8996d3f2282b9ebea0945693fb67392c75a3a320941f",
                "sha256:4eaa22f0d22b1a7e93ff0a596d57fdede2e550aecffb5a1ef1106aaece48e96b",
                "sha256:50b8eae8f7334ec826d6eeffaeeb00e36b5e24aa0b9df322c247539714c6df19",
                "sha256:50fd3f6b26e3441ae07b7c979309638b72abc1a25da31a81a7fbd9495713ef4f",
                "sha256:51243f1ed5161b9945011a7360e997729776f6e5d7005ba0c6879267d4c5139d",
                "sha256:5d512aafa1d32efa014fa041d38868fda85028e3f930a96f85d49c7d8ddc0383",
                "sha256:5f77cf66e96ae734717d341c145c5949c63180842a545c47a0ce7ae52ca83795",
                "sha256:6b02471b72526ab8a18c39cb7967b72d194ec53c1fd0a70b050565a0f366d355",
                "sha256:6fb1b30043271ec92dc65f6d9f0b7a830c210b8a96423074b15c7bc999975f57",
                "sha256:7161ec49ef0800947dc5570f86568a7bb36fa97dd09e9827dc02b718c5643f09",
                "sha256:72d622d262e463dfb7595202d229f5f3ab4b852289a1cd09650362db23b9eb0b",
                "sha256:74d28c17412d9caa1066f7a31df8403ec23d5268ba46cd0ad2c50fb82ae40462",
                "sha256:78618cdbccaa74d3f88d0ad6cb8ac3007f1a6fa5c6f19af64b55ca170bfa1edf",
                "sha256:793b4e24db2e8742ca6423d3fde8396db336698c55cd34b660663ee9e45ed37f",
                "sha256:798232c92e7665fe82ac085f9d8e8ca98826f8e27859d9a96b41d519ecd2e49a",
                "sha256:81d09caa7b27ef4e61cb7d8fbf1714f5aec1c6b6c5270ee53504981e6e9121ad",
                "sha256:8ab74c06ffdab957d7670c2a5a6e1a70181cd10b727cd788c4dd9005b6a8acd9",
                "sha256:8eb0908e954d093b02a543dc963984d6e99ad2b5e36503d8a0aaf040505f747d",
                "sha256:90b9e29824800e90c84e4022dd5cc16eb2d9605ee13f05d47641eb183cd73d45",
                "sha256:9797a6c8fe16f25749b371c02e2ade0efb51155e767a971c61734b1bf6293994",
                "sha256:9d2455fbf44c914840c793e89aa82d0e1763a14253a000743719ae5946814b2d",
                "sha256:9d3bea1c75f8c53ee4d505c3e67d8c158ad4df0d83170605b50b64025917f338",
                "sha256:9e2ec1e921fd07c7cda7962bad283acc2f2a9ccc1b971ee4b216b75fad6f0463",
                "sha256:9e91179a242bbc99be65e139e30690e081fe6cb91a8e77faf4c409653de39451",
                "sha256:a0eaa93d054751ee9964afa21c06247779b90440ca41d184aeb5d410f20ff591",
                "sha256:a2c405445c79c3f5a124573a051062300936b0281fee57637e706453e452746c",
                "sha256:aa7e402ce11f0885305bfb6afb3434b3cd8f53b563ac065452d9d5654c7b86fd",
                "sha256:aff76a55a8aa8364d25400a210a65ff59d0168e0b4285ba6bf2bd83cf675ba32",
                "sha256:b09b86b27a064c9624d0a6c54da01c1beaf5b6cadfa609cf63789b1d08a797b9",
                "sha256:b14f16f94cbc61215115b9b1236f9c18403c15dd3c52cf629072afa9d54c1cbf",
                "sha256:b50811d664d392f02f7761621303eba9d1b056fb1868c8cdf4231279645c25f5",
                "sha256:b7bc2176354defba3edc2b9a777744462da2f8e921fbaf61e52acb95bafa9828",
                "sha256:c78e1b00a87ce43bb37642c0812315b411e856a905d58d597750eb79802aaaa3",
                "sha256:c83341b89884e2b2e55886e8fbbf37c3fa5efd6c8907124aeb72f285ae5696e5",
                "sha256:ca2870d5d10d8726a27396d3ca4cf7976cec0f3cb706debe88e3a5bd4610f7d2",
                "sha256:ccce24b7ad89adb5a1e34a6ba96ac2530046763912806ad4c247356a8f33a67b",
                "sha256:cd5e14fbf22a87321b24c88669aad3a51ec052eb145315b3da3b7e3cc105b9a2",
                "sha256:ce49c67f4ea0609933d01c0731b34b8695a7a748d6c8d186f95e7d085d2fe475",
                "sha256:d33891be6df59d93df4d846640f0e46f1a807339f09e79a8040bc887bdcd7ed3",
                "sha256:d3b2348a78bc939b4fed6552abfd2e7988e0f81443ef3911a4b8498ca084f6eb",
                "sha256:d886f5d353333b4771d21267c7ecc75b710f1a73d72d03ca06df49b09015a9ef",
                "sha256:d93480005693d247f8346bc8ee28c72a2191bdf1f6b5db469c096c0c867ac015",
                "sha256:dc1a390a82755a8c26c9964d457d4c9cbec5405896cba94cf51f36ea0d855002",
                "sha256:dd78700f5788ae180b5ee8902c6aea5a5726bac7c364b202b4b3e3ba2d293170",
                "sha256:e46f38133e5a060d46bd630faa4d9fa0202377495df1f068a8299fd78c84de84",
                "sha256:e4b878386c4bf293578b48fc570b84ecfe477d3b77ba39a6e87150af77f40c57",
                "sha256:f0d0591a0aeaefdaf9a5e545e7485f89910c977087e7de2b6c388aec32011e9f",
                "sha256:fdcbb4068117dfd9ce0138d068ac512843c52295ed996ae6dd1faf537b6dbc27",
                "sha256:ff61bfd9253c3915e6d41c651d5f962da23eda633cf02262990094a18a55371a"
            ],
            "markers": "python_version >= '3.8'",
            "version": "==10.3.0"
        },
        "protobuf": {
            "hashes": [
                "sha256:19b270aeaa0099f16d3ca02628546b8baefe2955bbe23224aaf856134eccf1e4",
                "sha256:209ba4cc916bab46f64e56b85b090607a676f66b473e6b762e6f1d9d591eb2e8",
                "sha256:25b5d0b42fd000320bd7830b349e3b696435f3b329810427a6bcce6a5492cc5c",
                "sha256:7c8daa26095f82482307bc717364e7c13f4f1c99659be82890dcfc215194554d",
                "sha256:c053062984e61144385022e53678fbded7aea14ebb3e0305ae3592fb219ccfa4",
                "sha256:d4198877797a83cbfe9bffa3803602bbe1625dc30d8a097365dbc762e5790faa",
                "sha256:e3c97a1555fd6388f857770ff8b9703083de6bf1f9274a002a332d65fbb56c8c",
                "sha256:e7cb0ae90dd83727f0c0718634ed56837bfeeee29a5f82a7514c03ee1364c019",
                "sha256:f0700d54bcf45424477e46a9f0944155b46fb0639d69728739c0e47bab83f2b9",
                "sha256:f1279ab38ecbfae7e456a108c5c0681e4956d5b1090027c1de0f934dfdb4b35c",
                "sha256:f4f118245c4a087776e0a8408be33cf09f6c547442c00395fbfb116fac2f8ac2"
            ],
            "markers": "python_version >= '3.8'",
            "version": "==4.25.3"
        },
        "pydantic": {
            "hashes": [
                "sha256:e029badca45266732a9a79898a15ae2e8b14840b1eabbb25844be28f0b33f3d5",
                "sha256:e9dbb5eada8abe4d9ae5f46b9939aead650cd2b68f249bb3a8139dbe125803cc"
            ],
            "markers": "python_version >= '3.8'",
            "version": "==2.7.1"
        },
        "pydantic-core": {
            "hashes": [
                "sha256:0098300eebb1c837271d3d1a2cd2911e7c11b396eac9661655ee524a7f10587b",
                "sha256:042473b6280246b1dbf530559246f6842b56119c2926d1e52b631bdc46075f2a",
                "sha256:05b7133a6e6aeb8df37d6f413f7705a37ab4031597f64ab56384c94d98fa0e90",
                "sha256:0680b1f1f11fda801397de52c36ce38ef1c1dc841a0927a94f226dea29c3ae3d",
                "sha256:0d69b4c2f6bb3e130dba60d34c0845ba31b69babdd3f78f7c0c8fae5021a253e",
                "sha256:1404c69d6a676245199767ba4f633cce5f4ad4181f9d0ccb0577e1f66cf4c46d",
                "sha256:182245ff6b0039e82b6bb585ed55a64d7c81c560715d1bad0cbad6dfa07b4027",
                "sha256:1a388a77e629b9ec814c1b1e6b3b595fe521d2cdc625fcca26fbc2d44c816804",
                "sha256:1d90c3265ae107f91a4f279f4d6f6f1d4907ac76c6868b27dc7fb33688cfb347",
                "sha256:20aca1e2298c56ececfd8ed159ae4dde2df0781988c97ef77d5c16ff4bd5b400",
                "sha256:219da3f096d50a157f33645a1cf31c0ad1fe829a92181dd1311022f986e5fbe3",
                "sha256:22057013c8c1e272eb8d0eebc796701167d8377441ec894a8fed1af64a0bf399",
                "sha256:223ee893d77a310a0391dca6df00f70bbc2f36a71a895cecd9a0e762dc37b349",
                "sha256:224c421235f6102e8737032483f43c1a8cfb1d2f45740c44166219599358c2cd",
                "sha256:2334ce8c673ee93a1d6a65bd90327588387ba073c17e61bf19b4fd97d688d63c",
                "sha256:269322dcc3d8bdb69f054681edff86276b2ff972447863cf34c8b860f5188e2e",
                "sha256:2728b01246a3bba6de144f9e3115b532ee44bd6cf39795194fb75491824a1413",
                "sha256:2b8ed04b3582771764538f7ee7001b02e1170223cf9b75dff0bc698fadb00cf3",
                "sha256:2e29d20810dfc3043ee13ac7d9e25105799817683348823f305ab3f349b9386e",
                "sha256:36789b70d613fbac0a25bb07ab3d9dba4d2e38af609c020cf4d888d165ee0bf3",
                "sha256:390193c770399861d8df9670fb0d1874f330c79caaca4642332df7c682bf6b91",
                "sha256:3a6515ebc6e69d85502b4951d89131ca4e036078ea35533bb76327f8424531ce",
                "sha256:3f9a801e7c8f1ef8718da265bba008fa121243dfe37c1cea17840b0944dfd72c",
                "sha256:43f0f463cf89ace478de71a318b1b4f05ebc456a9b9300d027b4b57c1a2064fb",
                "sha256:4456f2dca97c425231d7315737d45239b2b51a50dc2b6f0c2bb181fce6207664",
                "sha256:470b94480bb5ee929f5acba6995251ada5e059a5ef3e0dfc63cca287283ebfa6",
                "sha256:4774f3184d2ef3e14e8693194f661dea5a4d6ca4e3dc8e39786d33a94865cefd",
                "sha256:4b4356d3538c3649337df4074e81b85f0616b79731fe22dd11b99499b2ebbdf3",
                "sha256:553ef617b6836fc7e4df130bb851e32fe357ce36336d897fd6646d6058d980af",
                "sha256:6132dd3bd52838acddca05a72aafb6eab6536aa145e923bb50f45e78b7251043",
                "sha256:6a46e22a707e7ad4484ac9ee9f290f9d501df45954184e23fc29408dfad61350",
                "sha256:6e5c584d357c4e2baf0ff7baf44f4994be121e16a2c88918a5817331fc7599d7",
                "sha256:75250dbc5290e3f1a0f4618db35e51a165186f9034eff158f3d490b3fed9f8a0",
                "sha256:75f7e9488238e920ab6204399ded280dc4c307d034f3924cd7f90a38b1829563",
                "sha256:78363590ef93d5d226ba21a90a03ea89a20738ee5b7da83d771d283fd8a56761",
                "sha256:7ca4ae5a27ad7a4ee5170aebce1574b375de390bc01284f87b18d43a3984df72",
                "sha256:800d60565aec896f25bc3cfa56d2277d52d5182af08162f7954f938c06dc4ee3",
                "sha256:82d5d4d78e4448683cb467897fe24e2b74bb7b973a541ea1dcfec1d3cbce39fb",
                "sha256:852e966fbd035a6468fc0a3496589b45e2208ec7ca95c26470a54daed82a0788",
                "sha256:868649da93e5a3d5eacc2b5b3b9235c98ccdbfd443832f31e075f54419e1b96b",
                "sha256:886eec03591b7cf058467a70a87733b35f44707bd86cf64a615584fd72488b7c",
                "sha256:8b172601454f2d7701121bbec3425dd71efcb787a027edf49724c9cefc14c038",
                "sha256:95b9d5e72481d3780ba3442eac863eae92ae43a5f3adb5b4d0a1de89d42bb250",
                "sha256:98758d627ff397e752bc339272c14c98199c613f922d4a384ddc07526c86a2ec",
                "sha256:997abc4df705d1295a42f95b4eec4950a37ad8ae46d913caeee117b6b198811c",
                "sha256:9b5155ff768083cb1d62f3e143b49a8a3432e6789a3abee8acd005c3c7af1c74",
                "sha256:9e08e867b306f525802df7cd16c44ff5ebbe747ff0ca6cf3fde7f36c05a59a81",
                "sha256:9fdad8e35f278b2c3eb77cbdc5c0a49dada440657bf738d6905ce106dc1de439",
                "sha256:a1874c6dd4113308bd0eb568418e6114b252afe44319ead2b4081e9b9521fe75",
                "sha256:a8309f67285bdfe65c372ea3722b7a5642680f3dba538566340a9d36e920b5f0",
                "sha256:ae0a8a797a5e56c053610fa7be147993fe50960fa43609ff2a9552b0e07013e8",
                "sha256:b14d82cdb934e99dda6d9d60dc84a24379820176cc4a0d123f88df319ae9c150",
                "sha256:b1bd7e47b1558ea872bd16c8502c414f9e90dcf12f1395129d7bb42a09a95438",
                "sha256:b3ef08e20ec49e02d5c6717a91bb5af9b20f1805583cb0adfe9ba2c6b505b5ae",
                "sha256:b89ed9eb7d616ef5714e5590e6cf7f23b02d0d539767d33561e3675d6f9e3857",
                "sha256:c4fcf5cd9c4b655ad666ca332b9a081112cd7a58a8b5a6ca7a3104bc950f2038",
                "sha256:c6fdc8627910eed0c01aed6a390a252fe3ea6d472ee70fdde56273f198938374",
                "sha256:c9bd70772c720142be1020eac55f8143a34ec9f82d75a8e7a07852023e46617f",
                "sha256:ca7b0c1f1c983e064caa85f3792dd2fe3526b3505378874afa84baf662e12241",
                "sha256:cbca948f2d14b09d20268cda7b0367723d79063f26c4ffc523af9042cad95592",
                "sha256:cc1cfd88a64e012b74e94cd00bbe0f9c6df57049c97f02bb07d39e9c852e19a4",
                "sha256:ccdd111c03bfd3666bd2472b674c6899550e09e9f298954cfc896ab92b5b0e6d",
                "sha256:cfeecd1ac6cc1fb2692c3d5110781c965aabd4ec5d32799773ca7b1456ac636b",
                "sha256:d4d938ec0adf5167cb335acb25a4ee69a8107e4984f8fbd2e897021d9e4ca21b",
                "sha256:d7d904828195733c183d20a54230c0df0eb46ec746ea1a666730787353e87182",
                "sha256:d91cb5ea8b11607cc757675051f61b3d93f15eca3cefb3e6c704a5d6e8440f4e",
                "sha256:d9319e499827271b09b4e411905b24a426b8fb69464dfa1696258f53a3334641",
                "sha256:e0e8b1be28239fc64a88a8189d1df7fad8be8c1ae47fcc33e43d4be15f99cc70",
                "sha256:e18609ceaa6eed63753037fc06ebb16041d17d28199ae5aba0052c51449650a9",
                "sha256:e1b395e58b10b73b07b7cf740d728dd4ff9365ac46c18751bf8b3d8cca8f625a",
                "sha256:e23ec367a948b6d812301afc1b13f8094ab7b2c280af66ef450efc357d2ae543",
                "sha256:e25add29b8f3b233ae90ccef2d902d0ae0432eb0d45370fe315d1a5cf231004b",
                "sha256:e6dac87ddb34aaec85f873d737e9d06a3555a1cc1a8e0c44b7f8d5daeb89d86f",
                "sha256:ef26c9e94a8c04a1b2924149a9cb081836913818e55681722d7f29af88fe7b38",
                "sha256:eff2de745698eb46eeb51193a9f41d67d834d50e424aef27df2fcdee1b153845",
                "sha256:f0a21cbaa69900cbe1a2e7cad2aa74ac3cf21b10c3efb0fa0b80305274c0e8a2",
                "sha256:f459a5ce8434614dfd39bbebf1041952ae01da6bed9855008cb33b875cb024c0",
                "sha256:f93a8a2e3938ff656a7c1bc57193b1319960ac015b6e87d76c76bf14fe0244b4",
                "sha256:fb2bd7be70c0fe4dfd32c951bc813d9fe6ebcbfdd15a07527796c8204bd36242"
            ],
            "markers": "python_version >= '3.8'",
            "version": "==2.18.2"
        },
        "pygame": {
            "hashes": [
                "sha256:03879ec299c9f4ba23901b2649a96b2143f0a5d787f0b6c39469989e2320caf1",
                "sha256:074aa6c6e110c925f7f27f00c7733c6303407edc61d738882985091d1eb2ef17",
                "sha256:0e24d05184e4195fe5ebcdce8b18ecb086f00182b9ae460a86682d312ce8d31f",
                "sha256:1822d534bb7fe756804647b6da2c9ea5d7a62d8796b2e15d172d3be085de28c6",
                "sha256:1a2a43802bb5e89ce2b3b775744e78db4f9a201bf8d059b946c61722840ceea8",
                "sha256:1c289f2613c44fe70a1e40769de4a49c5ab5a29b9376f1692bb1a15c9c1c9bfa",
                "sha256:1f3849f97372a3381c66955f99a0d58485ccd513c3d00c030b869094ce6997a6",
                "sha256:224c308856334bc792f696e9278e50d099a87c116f7fc314cd6aa3ff99d21592",
                "sha256:263b4a7cbfc9fe2055abc21b0251cc17dea6dff750f0e1c598919ff350cdbffe",
                "sha256:2b34c73cb328024f8db3cb6487a37e54000148988275d8d6e5adf99d9323c937",
                "sha256:30a8d7cf12363b4140bf2f93b5eec4028376ca1d0fe4b550588f836279485308",
                "sha256:31648d38ecdc2335ffc0e38fb18a84b3339730521505dac68514f83a1092e3f4",
                "sha256:34646ca20e163dc6f6cf8170f1e12a2e41726780112594ac061fa448cf7ccd75",
                "sha256:35632035fd81261f2d797fa810ea8c46111bd78ceb6089d52b61ed7dc3c5d05f",
                "sha256:35cf093a51cb294ede56c29d4acf41538c00f297fcf78a9b186fb7d23c0577b6",
                "sha256:39690e9be9baf58b7359d1f3b2336e1fd6f92fedbbce42987be5df27f8d30718",
                "sha256:3b3e619e33d11c297d7a57a82db40681f9c2c3ae1d5bf06003520b4fe30c435d",
                "sha256:3b8a6e351665ed26ea791f0e1fd649d3f483e8681892caef9d471f488f9ea5ee",
                "sha256:41f8779f52e0f6e6e6ccb8f0b5536e432bf386ee29c721a1c22cada7767b0cef",
                "sha256:47a8415d2bd60e6909823b5643a1d4ef5cc29417d817f2a214b255f6fa3a1e4c",
                "sha256:485239c7d32265fd35b76ae8f64f34b0637ae11e69d76de15710c4b9edcc7c8d",
                "sha256:4f1559e7efe4efb9dc19d2d811d702f325d9605f9f6f9ececa39ee6890c798f5",
                "sha256:4ff21201df6278b8ca2e948fb148ffe88f5481fd03760f381dd61e45954c7dff",
                "sha256:5697528266b4716d9cdd44a5a1d210f4d86ef801d0f64ca5da5d0816704009d9",
                "sha256:677e37bc0ea7afd89dde5a88ced4458aa8656159c70a576eea68b5622ee1997b",
                "sha256:68c4e8e60b725ffc7a6c6ecd9bb5fcc5ed2d6e0e2a2c4a29a8454856ef16ad63",
                "sha256:6cf2257447ce7f2d6de37e5fb019d2bbe32ed05a5721ace8bc78c2d9beaf3aee",
                "sha256:6d58c8cf937815d3b7cdc0fa9590c5129cb2c9658b72d00e8a4568dea2ff1d42",
                "sha256:6fe323acbf53a0195c8c98b1b941eba7ac24e3e2b28ae48e8cda566f15fc4945",
                "sha256:74e1d6284100e294f445832e6f6343be4fe4748decc4f8a51131ae197dae8584",
                "sha256:78fcd7643358b886a44127ff7dec9041c056c212b3a98977674f83f99e9b12d3",
                "sha256:7d0a2794649defa57ef50b096a99f7113d3d0c2e32d1426cafa7d618eadce4c7",
                "sha256:88d1cdacc2d3471eceab98bf0c93c14d3a8461f93e58e3d926f20d4de3a75554",
                "sha256:9b30bc1220c457169571aac998e54b013aaeb732d2fd8744966cb1cfab1f61d1",
                "sha256:9bd738fd4ecc224769d0b4a719f96900a86578e26e0105193658a32966df2aae",
                "sha256:9dcff6cbba1584cf7732ce1dbdd044406cd4f6e296d13bcb7fba963fb4aeefc9",
                "sha256:a0769eb628c818761755eb0a0ca8216b95270ea8cbcbc82227e39ac9644643da",
                "sha256:a0bd67426c02ffe6c9827fc4bcbda9442fbc451d29b17c83a3c088c56fef2c90",
                "sha256:bc12e4dea3e88ea8a553de6d56a37b704dbe2aed95105889f6afeb4b96e62097",
                "sha256:c13edebc43c240fb0532969e914f0ccefff5ae7e50b0b788d08ad2c15ef793e4",
                "sha256:c1b89eb5d539e7ac5cf75513125fb5f2f0a2d918b1fd6e981f23bf0ac1b1c24a",
                "sha256:ce4b6c0bfe44d00bb0998a6517bd0cf9455f642f30f91bc671ad41c05bf6f6ae",
                "sha256:cf2191b756ceb0e8458a761d0c665b0c70b538570449e0d39b75a5ba94ac5cf0",
                "sha256:d29a84b2e02814b9ba925357fd2e1df78efe5e1aa64dc3051eaed95d2b96eafd",
                "sha256:d75cbbfaba2b81434d62631d0b08b85fab16cf4a36e40b80298d3868927e1299",
                "sha256:d78485c4d21133d6b2fbb504cd544ca655e50b6eb551d2995b3aa6035928adda",
                "sha256:d851247239548aa357c4a6840fb67adc2d570ce7cb56988d036a723d26b48bff",
                "sha256:daca456d5b9f52e088e06a127dec182b3638a775684fb2260f25d664351cf1ae",
                "sha256:dc346965847aef00013fa2364f41a64f068cd096dcc7778fc306ca3735f0eedf",
                "sha256:dd2d2650faf54f9a0f5bd0db8409f79609319725f8f08af6507a0609deadcad4",
                "sha256:e58e2b0c791041e4bccafa5bd7650623ba1592b8fe62ae0a276b7d0ecb314b6c",
                "sha256:e708fc8f709a0fe1d1876489345f2e443d47f3976d33455e2e1e937f972f8677",
                "sha256:ed9a3d98adafa0805ccbaaff5d2996a2b5795381285d8437a4a5d248dbd12b4a",
                "sha256:edda1f7cff4806a4fa39e0e8ccd75f38d1d340fa5fc52d8582ade87aca247d92",
                "sha256:f02c1c7505af18d426d355ac9872bd5c916b27f7b0fe224749930662bea47a50",
                "sha256:f30d1618672a55e8c6669281ba264464b3ab563158e40d89e8c8b3faa0febebd",
                "sha256:fe0228501ec616779a0b9c4299e837877783e18df294dd690b9ab0eed3d8aaab"
            ],
            "markers": "python_version >= '3.6'",
            "version": "==2.5.2"
        },
        "pyquaternion": {
            "hashes": [
                "sha256:b1f61af219cb2fe966b5fb79a192124f2e63a3f7a777ac3cadf2957b1a81bea8",
                "sha256:d0eb69219ca99bfcbc25c1e2c4f82e58c61dce3e907e929f13c5f3615e4b6518",
                "sha256:e65f6e3f7b1fdf1a9e23f82434334a1ae84f14223eee835190cd2e841f8172ec"
            ],
            "version": "==0.9.9"
        },
        "reachy-sdk": {
            "hashes": [
                "sha256:4b2d17831a4836d3d15331f8700c9f7dc91a2127ad5cc97962d3cf1b2cb85948",
                "sha256:e69590c4d854b3e85af29aa9959c920b402d4d402ca5cee53c0559d6fb065814"
            ],
            "index": "pypi",
            "version": "==0.7.0"
        },
        "reachy-sdk-api": {
            "hashes": [
                "sha256:63534051d7e6b16b9836586f860978d954d61c5593de938551a0a826b1684baa",
                "sha256:86ccddcd69b885db463b6feba8086380bdce421df3d953aa96ac0b361f65de49"
            ],
            "version": "==0.7.3"
        },
        "reachy2-sdk-api": {
            "hashes": [
                "sha256:31758d488986cc703309c6f999af0a67f2ecdaa30da751d9b0befe156d44451f",
                "sha256:cb0d343cf11dcba1e2db02491463d50d00cff9a0d475a332d6b220009fa47b67"
            ],
            "version": "==1.0.4"
        },
        "scipy": {
            "hashes": [
                "sha256:017367484ce5498445aade74b1d5ab377acdc65e27095155e448c88497755a5d",
                "sha256:095a87a0312b08dfd6a6155cbbd310a8c51800fc931b8c0b84003014b874ed3c",
                "sha256:20335853b85e9a49ff7572ab453794298bcf0354d8068c5f6775a0eabf350aca",
                "sha256:27e52b09c0d3a1d5b63e1105f24177e544a222b43611aaf5bc44d4a0979e32f9",
                "sha256:2831f0dc9c5ea9edd6e51e6e769b655f08ec6db6e2e10f86ef39bd32eb11da54",
                "sha256:2ac65fb503dad64218c228e2dc2d0a0193f7904747db43014645ae139c8fad16",
                "sha256:392e4ec766654852c25ebad4f64e4e584cf19820b980bc04960bca0b0cd6eaa2",
                "sha256:436bbb42a94a8aeef855d755ce5a465479c721e9d684de76bf61a62e7c2b81d5",
                "sha256:45484bee6d65633752c490404513b9ef02475b4284c4cfab0ef946def50b3f59",
                "sha256:54f430b00f0133e2224c3ba42b805bfd0086fe488835effa33fa291561932326",
                "sha256:5713f62f781eebd8d597eb3f88b8bf9274e79eeabf63afb4a737abc6c84ad37b",
                "sha256:5d72782f39716b2b3509cd7c33cdc08c96f2f4d2b06d51e52fb45a19ca0c86a1",
                "sha256:637e98dcf185ba7f8e663e122ebf908c4702420477ae52a04f9908707456ba4d",
                "sha256:8335549ebbca860c52bf3d02f80784e91a004b71b059e3eea9678ba994796a24",
                "sha256:949ae67db5fa78a86e8fa644b9a6b07252f449dcf74247108c50e1d20d2b4627",
                "sha256:a014c2b3697bde71724244f63de2476925596c24285c7a637364761f8710891c",
                "sha256:a78b4b3345f1b6f68a763c6e25c0c9a23a9fd0f39f5f3d200efe8feda560a5fa",
                "sha256:cdd7dacfb95fea358916410ec61bbc20440f7860333aee6d882bb8046264e949",
                "sha256:cfa31f1def5c819b19ecc3a8b52d28ffdcc7ed52bb20c9a7589669dd3c250989",
                "sha256:d533654b7d221a6a97304ab63c41c96473ff04459e404b83275b60aa8f4b7004",
                "sha256:d605e9c23906d1994f55ace80e0125c587f96c020037ea6aa98d01b4bd2e222f",
                "sha256:de3ade0e53bc1f21358aa74ff4830235d716211d7d077e340c7349bc3542e884",
                "sha256:e89369d27f9e7b0884ae559a3a956e77c02114cc60a6058b4e5011572eea9299",
                "sha256:eccfa1906eacc02de42d70ef4aecea45415f5be17e72b61bafcfd329bdc52e94",
                "sha256:f26264b282b9da0952a024ae34710c2aff7d27480ee91a2e82b7b7073c24722f"
            ],
            "markers": "python_version >= '3.9'",
            "version": "==1.13.1"
        },
        "setuptools": {
            "hashes": [
                "sha256:54faa7f2e8d2d11bcd2c07bed282eef1046b5c080d1c32add737d7b5817b1ad4",
                "sha256:f211a66637b8fa059bb28183da127d4e86396c991a942b028c6650d4319c3fd0"
            ],
            "markers": "python_version >= '3.8'",
            "version": "==70.0.0"
        },
        "sniffio": {
            "hashes": [
                "sha256:2f6da418d1f1e0fddd844478f41680e794e6051915791a034ff65e5f100525a2",
                "sha256:f4324edc670a0f49750a81b895f35c3adb843cca46f0530f79fc1babb23789dc"
            ],
            "markers": "python_version >= '3.7'",
            "version": "==1.3.1"
        },
        "tqdm": {
            "hashes": [
                "sha256:b75ca56b413b030bc3f00af51fd2c1a1a5eac6a0c1cca83cbb37a5c52abce644",
                "sha256:e4d936c9de8727928f3be6079590e97d9abfe8d39a590be678eb5919ffc186bb"
            ],
            "markers": "python_version >= '3.7'",
            "version": "==4.66.4"
        },
        "typing-extensions": {
            "hashes": [
                "sha256:8cbcdc8606ebcb0d95453ad7dc5065e6237b6aa230a31e81d0f440c30fed5fd8",
                "sha256:b349c66bea9016ac22978d800cfff206d5f9816951f12a7d0ec5578b0a819594"
            ],
            "markers": "python_version >= '3.8'",
            "version": "==4.12.0"
        }
    },
    "develop": {}
}
